
Microsoft Visual Studio Solution File, Format Version 12.00
# Visual Studio Version 17
VisualStudioVersion = 17.14.36518.9 d17.14
MinimumVisualStudioVersion = 10.0.40219.1
Project("{FAE04EC0-301F-11D3-BF4B-00C04F79EFBC}") = "Chentsov3", "Chentsov3\Chentsov3.csproj", "{44C46BF6-E99C-4E6D-A054-08B1B615C1A6}"
EndProject
Global
	GlobalSection(SolutionConfigurationPlatforms) = preSolution
		Debug|Any CPU = Debug|Any CPU
		Release|Any CPU = Release|Any CPU
	EndGlobalSection
	GlobalSection(ProjectConfigurationPlatforms) = postSolution
		{44C46BF6-E99C-4E6D-A054-08B1B615C1A6}.Debug|Any CPU.ActiveCfg = Debug|Any CPU
		{44C46BF6-E99C-4E6D-A054-08B1B615C1A6}.Debug|Any CPU.Build.0 = Debug|Any CPU
		{44C46BF6-E99C-4E6D-A054-08B1B615C1A6}.Release|Any CPU.ActiveCfg = Release|Any CPU
		{44C46BF6-E99C-4E6D-A054-08B1B615C1A6}.Release|Any CPU.Build.0 = Release|Any CPU
	EndGlobalSection
	GlobalSection(SolutionProperties) = preSolution
		HideSolutionNode = FALSE
	EndGlobalSection
	GlobalSection(ExtensibilityGlobals) = postSolution
		SolutionGuid = {3AA32E5A-FE21-4BAD-8BAE-0A84DDA88D6B}
	EndGlobalSection
EndGlobal
